
Microsoft Visual Studio Solution File, Format Version 12.00
# Visual Studio 14
VisualStudioVersion = 14.0.25420.1
MinimumVisualStudioVersion = 10.0.40219.1
Project("{8BC9CEB8-8B4A-11D0-8D11-00A0C91BC942}") = "AdBook", "AdBook\AdBook.vcxproj", "{865CDC4D-B5AD-479E-8BC9-3EAF60350798}"
	ProjectSection(ProjectDependencies) = postProject
		{4DDCFDB2-4424-493B-A255-638087313FD8} = {4DDCFDB2-4424-493B-A255-638087313FD8}
	EndProjectSection
EndProject
Project("{2150E333-8FDC-42A3-9474-1A3956D46DE8}") = "Solution Items", "Solution Items", "{2E67DC31-14D0-4694-8A67-999264353409}"
EndProject
Project("{930C7802-8A8C-48F9-8165-68863BCCD9DD}") = "Setup", "Setup\Setup\Setup.wixproj", "{57332BAB-0958-4A7A-828F-80A2DA01BE28}"
	ProjectSection(ProjectDependencies) = postProject
		{865CDC4D-B5AD-479E-8BC9-3EAF60350798} = {865CDC4D-B5AD-479E-8BC9-3EAF60350798}
		{4DDCFDB2-4424-493B-A255-638087313FD8} = {4DDCFDB2-4424-493B-A255-638087313FD8}
	EndProjectSection
EndProject
Project("{8BC9CEB8-8B4A-11D0-8D11-00A0C91BC942}") = "AdBookBL", "AdBookBL\AdBookBL.vcxproj", "{4DDCFDB2-4424-493B-A255-638087313FD8}"
EndProject
Project("{8BC9CEB8-8B4A-11D0-8D11-00A0C91BC942}") = "QtAdBook", "QtAdBook\QtAdBook.vcxproj", "{B12702AD-ABFB-343A-A199-8E24837244A3}"
	ProjectSection(ProjectDependencies) = postProject
		{4DDCFDB2-4424-493B-A255-638087313FD8} = {4DDCFDB2-4424-493B-A255-638087313FD8}
	EndProjectSection
EndProject
Project("{930C7802-8A8C-48F9-8165-68863BCCD9DD}") = "QtVersionSetup", "QtVersionSetup\QtVersionSetup.wixproj", "{8DE45DD4-68D3-462D-AE7B-FE151876E1D3}"
	ProjectSection(ProjectDependencies) = postProject
		{B12702AD-ABFB-343A-A199-8E24837244A3} = {B12702AD-ABFB-343A-A199-8E24837244A3}
		{4DDCFDB2-4424-493B-A255-638087313FD8} = {4DDCFDB2-4424-493B-A255-638087313FD8}
	EndProjectSection
EndProject
Project("{8BC9CEB8-8B4A-11D0-8D11-00A0C91BC942}") = "AdBookBLCLI", "AdBookBLCLI\AdBookBLCLI.vcxproj", "{7C687A61-589F-4327-B0F4-610808094084}"
	ProjectSection(ProjectDependencies) = postProject
		{4DDCFDB2-4424-493B-A255-638087313FD8} = {4DDCFDB2-4424-493B-A255-638087313FD8}
	EndProjectSection
EndProject
Project("{FAE04EC0-301F-11D3-BF4B-00C04F79EFBC}") = "WfAdBook", "WfAdBook\WfAdBook.csproj", "{6B96AC2B-A57D-4689-9EAA-9596E27A6D79}"
EndProject
Project("{930C7802-8A8C-48F9-8165-68863BCCD9DD}") = "WinFormsVersionSetup", "WinFormsVersionSetup\WinFormsVersionSetup.wixproj", "{47CF490E-25CD-4FAA-83FF-260711C02FD9}"
	ProjectSection(ProjectDependencies) = postProject
		{6B96AC2B-A57D-4689-9EAA-9596E27A6D79} = {6B96AC2B-A57D-4689-9EAA-9596E27A6D79}
	EndProjectSection
EndProject
Project("{930C7802-8A8C-48F9-8165-68863BCCD9DD}") = "WinFormsVersionSetupNetFx", "WinFormsVersionSetupNetFx\WinFormsVersionSetupNetFx.wixproj", "{8879000C-DD5F-4495-BC6E-AD4487F17584}"
	ProjectSection(ProjectDependencies) = postProject
		{47CF490E-25CD-4FAA-83FF-260711C02FD9} = {47CF490E-25CD-4FAA-83FF-260711C02FD9}
	EndProjectSection
EndProject
Project("{930C7802-8A8C-48F9-8165-68863BCCD9DD}") = "AllUiSetup", "AllUiSetup\AllUiSetup.wixproj", "{9DC1C742-7DFA-4ED2-86B7-64C5F1BCBCFE}"
	ProjectSection(ProjectDependencies) = postProject
		{6B96AC2B-A57D-4689-9EAA-9596E27A6D79} = {6B96AC2B-A57D-4689-9EAA-9596E27A6D79}
		{865CDC4D-B5AD-479E-8BC9-3EAF60350798} = {865CDC4D-B5AD-479E-8BC9-3EAF60350798}
		{7C687A61-589F-4327-B0F4-610808094084} = {7C687A61-589F-4327-B0F4-610808094084}
		{B12702AD-ABFB-343A-A199-8E24837244A3} = {B12702AD-ABFB-343A-A199-8E24837244A3}
	EndProjectSection
EndProject
Project("{930C7802-8A8C-48F9-8165-68863BCCD9DD}") = "AllUiSetupNetFx", "AllUiSetupNetFx\AllUiSetupNetFx.wixproj", "{B7C5C420-4FE1-4F17-8552-4AE6301EAC2F}"
	ProjectSection(ProjectDependencies) = postProject
		{9DC1C742-7DFA-4ED2-86B7-64C5F1BCBCFE} = {9DC1C742-7DFA-4ED2-86B7-64C5F1BCBCFE}
	EndProjectSection
EndProject
Global
	GlobalSection(SolutionConfigurationPlatforms) = preSolution
		Debug|x64 = Debug|x64
		Debug|x86 = Debug|x86
		Release|x64 = Release|x64
		Release|x86 = Release|x86
	EndGlobalSection
	GlobalSection(ProjectConfigurationPlatforms) = postSolution
		{865CDC4D-B5AD-479E-8BC9-3EAF60350798}.Debug|x64.ActiveCfg = Debug|x64
		{865CDC4D-B5AD-479E-8BC9-3EAF60350798}.Debug|x64.Build.0 = Debug|x64
		{865CDC4D-B5AD-479E-8BC9-3EAF60350798}.Debug|x86.ActiveCfg = Debug|x64
		{865CDC4D-B5AD-479E-8BC9-3EAF60350798}.Release|x64.ActiveCfg = Release|x64
		{865CDC4D-B5AD-479E-8BC9-3EAF60350798}.Release|x64.Build.0 = Release|x64
		{865CDC4D-B5AD-479E-8BC9-3EAF60350798}.Release|x86.ActiveCfg = Release|x64
		{57332BAB-0958-4A7A-828F-80A2DA01BE28}.Debug|x64.ActiveCfg = Debug|x64
		{57332BAB-0958-4A7A-828F-80A2DA01BE28}.Debug|x86.ActiveCfg = Debug|x64
		{57332BAB-0958-4A7A-828F-80A2DA01BE28}.Release|x64.ActiveCfg = Release|x64
		{57332BAB-0958-4A7A-828F-80A2DA01BE28}.Release|x64.Build.0 = Release|x64
		{57332BAB-0958-4A7A-828F-80A2DA01BE28}.Release|x86.ActiveCfg = Release|x64
		{4DDCFDB2-4424-493B-A255-638087313FD8}.Debug|x64.ActiveCfg = Debug|x64
		{4DDCFDB2-4424-493B-A255-638087313FD8}.Debug|x64.Build.0 = Debug|x64
		{4DDCFDB2-4424-493B-A255-638087313FD8}.Debug|x86.ActiveCfg = Debug|x64
		{4DDCFDB2-4424-493B-A255-638087313FD8}.Release|x64.ActiveCfg = Release|x64
		{4DDCFDB2-4424-493B-A255-638087313FD8}.Release|x64.Build.0 = Release|x64
		{4DDCFDB2-4424-493B-A255-638087313FD8}.Release|x86.ActiveCfg = Release|x64
		{B12702AD-ABFB-343A-A199-8E24837244A3}.Debug|x64.ActiveCfg = Debug|x64
		{B12702AD-ABFB-343A-A199-8E24837244A3}.Debug|x64.Build.0 = Debug|x64
		{B12702AD-ABFB-343A-A199-8E24837244A3}.Debug|x86.ActiveCfg = Debug|x64
		{B12702AD-ABFB-343A-A199-8E24837244A3}.Release|x64.ActiveCfg = Release|x64
		{B12702AD-ABFB-343A-A199-8E24837244A3}.Release|x64.Build.0 = Release|x64
		{B12702AD-ABFB-343A-A199-8E24837244A3}.Release|x86.ActiveCfg = Release|x64
		{8DE45DD4-68D3-462D-AE7B-FE151876E1D3}.Debug|x64.ActiveCfg = Debug|x64
		{8DE45DD4-68D3-462D-AE7B-FE151876E1D3}.Debug|x86.ActiveCfg = Debug|x64
		{8DE45DD4-68D3-462D-AE7B-FE151876E1D3}.Release|x64.ActiveCfg = Release|x64
		{8DE45DD4-68D3-462D-AE7B-FE151876E1D3}.Release|x64.Build.0 = Release|x64
		{8DE45DD4-68D3-462D-AE7B-FE151876E1D3}.Release|x86.ActiveCfg = Release|x64
		{7C687A61-589F-4327-B0F4-610808094084}.Debug|x64.ActiveCfg = Debug|x64
		{7C687A61-589F-4327-B0F4-610808094084}.Debug|x64.Build.0 = Debug|x64
		{7C687A61-589F-4327-B0F4-610808094084}.Debug|x86.ActiveCfg = Debug|x64
		{7C687A61-589F-4327-B0F4-610808094084}.Release|x64.ActiveCfg = Release|x64
		{7C687A61-589F-4327-B0F4-610808094084}.Release|x64.Build.0 = Release|x64
		{7C687A61-589F-4327-B0F4-610808094084}.Release|x86.ActiveCfg = Release|x64
		{6B96AC2B-A57D-4689-9EAA-9596E27A6D79}.Debug|x64.ActiveCfg = Debug|x64
		{6B96AC2B-A57D-4689-9EAA-9596E27A6D79}.Debug|x64.Build.0 = Debug|x64
		{6B96AC2B-A57D-4689-9EAA-9596E27A6D79}.Debug|x86.ActiveCfg = Debug|x64
		{6B96AC2B-A57D-4689-9EAA-9596E27A6D79}.Release|x64.ActiveCfg = Release|x64
		{6B96AC2B-A57D-4689-9EAA-9596E27A6D79}.Release|x64.Build.0 = Release|x64
		{6B96AC2B-A57D-4689-9EAA-9596E27A6D79}.Release|x86.ActiveCfg = Release|x64
		{47CF490E-25CD-4FAA-83FF-260711C02FD9}.Debug|x64.ActiveCfg = Debug|x64
		{47CF490E-25CD-4FAA-83FF-260711C02FD9}.Debug|x86.ActiveCfg = Debug|x64
		{47CF490E-25CD-4FAA-83FF-260711C02FD9}.Release|x64.ActiveCfg = Release|x64
		{47CF490E-25CD-4FAA-83FF-260711C02FD9}.Release|x64.Build.0 = Release|x64
		{47CF490E-25CD-4FAA-83FF-260711C02FD9}.Release|x86.ActiveCfg = Release|x64
		{8879000C-DD5F-4495-BC6E-AD4487F17584}.Debug|x64.ActiveCfg = Debug|x64
		{8879000C-DD5F-4495-BC6E-AD4487F17584}.Debug|x64.Build.0 = Debug|x64
		{8879000C-DD5F-4495-BC6E-AD4487F17584}.Debug|x86.ActiveCfg = Debug|x64
		{8879000C-DD5F-4495-BC6E-AD4487F17584}.Release|x64.ActiveCfg = Release|x64
		{8879000C-DD5F-4495-BC6E-AD4487F17584}.Release|x64.Build.0 = Release|x64
		{8879000C-DD5F-4495-BC6E-AD4487F17584}.Release|x86.ActiveCfg = Release|x64
		{9DC1C742-7DFA-4ED2-86B7-64C5F1BCBCFE}.Debug|x64.ActiveCfg = Debug|x64
		{9DC1C742-7DFA-4ED2-86B7-64C5F1BCBCFE}.Debug|x86.ActiveCfg = Debug|x64
		{9DC1C742-7DFA-4ED2-86B7-64C5F1BCBCFE}.Release|x64.ActiveCfg = Release|x64
		{9DC1C742-7DFA-4ED2-86B7-64C5F1BCBCFE}.Release|x64.Build.0 = Release|x64
		{9DC1C742-7DFA-4ED2-86B7-64C5F1BCBCFE}.Release|x86.ActiveCfg = Release|x64
		{B7C5C420-4FE1-4F17-8552-4AE6301EAC2F}.Debug|x64.ActiveCfg = Debug|x64
		{B7C5C420-4FE1-4F17-8552-4AE6301EAC2F}.Debug|x64.Build.0 = Debug|x64
		{B7C5C420-4FE1-4F17-8552-4AE6301EAC2F}.Debug|x86.ActiveCfg = Debug|x64
		{B7C5C420-4FE1-4F17-8552-4AE6301EAC2F}.Release|x64.ActiveCfg = Release|x64
		{B7C5C420-4FE1-4F17-8552-4AE6301EAC2F}.Release|x64.Build.0 = Release|x64
		{B7C5C420-4FE1-4F17-8552-4AE6301EAC2F}.Release|x86.ActiveCfg = Release|x64
	EndGlobalSection
	GlobalSection(SolutionProperties) = preSolution
		HideSolutionNode = FALSE
	EndGlobalSection
EndGlobal
