<?xml version="1.0" encoding="utf-8"?>
<Project ToolsVersion="4.0" xmlns="http://schemas.microsoft.com/developer/msbuild/2003">
  <ItemGroup>
    <Filter Include="Source Files">
      <UniqueIdentifier>{4FC737F1-C7A5-4376-A066-2A32D752A2FF}</UniqueIdentifier>
      <Extensions>cpp;c;cc;cxx;def;odl;idl;hpj;bat;asm;asmx</Extensions>
    </Filter>
    <Filter Include="Header Files">
      <UniqueIdentifier>{93995380-89BD-4b04-88EB-625FBE52EBFB}</UniqueIdentifier>
      <Extensions>h;hh;hpp;hxx;hm;inl;inc;xsd</Extensions>
    </Filter>
    <Filter Include="Resource Files">
      <UniqueIdentifier>{67DA6AB6-F800-4c08-8B7A-83BB121AAD01}</UniqueIdentifier>
      <Extensions>qrc;rc;ico;cur;bmp;dlg;rc2;rct;bin;rgs;gif;jpg;jpeg;jpe;resx;tiff;tif;png;wav;mfcribbon-ms</Extensions>
    </Filter>
    <Filter Include="Translation Files">
      <UniqueIdentifier>{639EADAA-A684-42e4-A9AD-28FC9BCB8F7C}</UniqueIdentifier>
      <Extensions>ts</Extensions>
    </Filter>
  </ItemGroup>
  <ItemGroup>
    <ClInclude Include="qmladbookbl_global.h">
      <Filter>Header Files</Filter>
    </ClInclude>
    <ClCompile Include="QmlAdBookBL.cpp">
      <Filter>Source Files</Filter>
    </ClCompile>
    <ClInclude Include="stdafx.h">
      <Filter>Header Files</Filter>
    </ClInclude>
    <ClCompile Include="stdafx.cpp">
      <Filter>Source Files</Filter>
    </ClCompile>
    <ClInclude Include="ConnectionSettings.h">
      <Filter>Header Files</Filter>
    </ClInclude>
    <ClInclude Include="ContactsKeeper.h">
      <Filter>Header Files</Filter>
    </ClInclude>
    <ClInclude Include="ContactUpdater.h">
      <Filter>Header Files</Filter>
    </ClInclude>
    <ClInclude Include="LdapRequestCreator.h">
      <Filter>Header Files</Filter>
    </ClInclude>
    <ClInclude Include="Password.h">
      <Filter>Header Files</Filter>
    </ClInclude>
    <ClInclude Include="QSettingsAutoEndGroup.h">
      <Filter>Header Files</Filter>
    </ClInclude>
    <ClInclude Include="SearchFilter.h">
      <Filter>Header Files</Filter>
    </ClInclude>
    <ClInclude Include="SearchFilterRule.h">
      <Filter>Header Files</Filter>
    </ClInclude>
    <ClInclude Include="SearchFilterType.h">
      <Filter>Header Files</Filter>
    </ClInclude>
    <ClInclude Include="SettingsChecker.h">
      <Filter>Header Files</Filter>
    </ClInclude>
    <ClInclude Include="SettingsKeeper.h">
      <Filter>Header Files</Filter>
    </ClInclude>
    <ClInclude Include="QmlAdBookBL.h">
      <Filter>Header Files</Filter>
    </ClInclude>
    <ClInclude Include="ContactPhotoProvider.h">
      <Filter>Header Files</Filter>
    </ClInclude>
    <ClInclude Include="export.h">
      <Filter>Header Files</Filter>
    </ClInclude>
    <ClInclude Include="DataExchanger.h">
      <Filter>Header Files</Filter>
    </ClInclude>
    <ClInclude Include="Contact.h">
      <Filter>Header Files</Filter>
    </ClInclude>
    <ClInclude Include="AttrTraits.h">
      <Filter>Header Files</Filter>
    </ClInclude>
    <ClInclude Include="DependencyResolver.h">
      <Filter>Header Files</Filter>
    </ClInclude>
    <ClInclude Include="ClipboardService.h">
      <Filter>Header Files</Filter>
    </ClInclude>
    <ClInclude Include="AFileSystemService.h">
      <Filter>Header Files</Filter>
    </ClInclude>
    <ClInclude Include="FileSystemService.h">
      <Filter>Header Files</Filter>
    </ClInclude>
    <ClInclude Include="ContactAttributeValidator.h">
      <Filter>Header Files</Filter>
    </ClInclude>
    <ClInclude Include="GdiPlusInitializer.h">
      <Filter>Header Files</Filter>
    </ClInclude>
    <ClInclude Include="AClipboardService.h">
      <Filter>Header Files</Filter>
    </ClInclude>
    <ClInclude Include="AContactPhotoProvider.h">
      <Filter>Header Files</Filter>
    </ClInclude>
    <ClInclude Include="AContactsKeeper.h">
      <Filter>Header Files</Filter>
    </ClInclude>
    <ClInclude Include="AContactUpdater.h">
      <Filter>Header Files</Filter>
    </ClInclude>
    <ClInclude Include="ADataExchanger.h">
      <Filter>Header Files</Filter>
    </ClInclude>
    <ClInclude Include="ADependencyResolver.h">
      <Filter>Header Files</Filter>
    </ClInclude>
    <ClInclude Include="ASettingsChecker.h">
      <Filter>Header Files</Filter>
    </ClInclude>
    <ClInclude Include="ASettingsKeeper.h">
      <Filter>Header Files</Filter>
    </ClInclude>
    <ClInclude Include="SearchFiltersSettings.h">
      <Filter>Header Files</Filter>
    </ClInclude>
  </ItemGroup>
  <ItemGroup>
    <ClCompile Include="ConnectionSettings.cpp">
      <Filter>Source Files</Filter>
    </ClCompile>
    <ClCompile Include="Contact.cpp">
      <Filter>Source Files</Filter>
    </ClCompile>
    <ClCompile Include="ContactDetailsModel.cpp">
      <Filter>Source Files</Filter>
    </ClCompile>
    <ClCompile Include="ContactFinder.cpp">
      <Filter>Source Files</Filter>
    </ClCompile>
    <ClCompile Include="ContactsKeeper.cpp">
      <Filter>Source Files</Filter>
    </ClCompile>
    <ClCompile Include="ContactsModel.cpp">
      <Filter>Source Files</Filter>
    </ClCompile>
    <ClCompile Include="ContactUpdater.cpp">
      <Filter>Source Files</Filter>
    </ClCompile>
    <ClCompile Include="LdapRequestCreator.cpp">
      <Filter>Source Files</Filter>
    </ClCompile>
    <ClCompile Include="Password.cpp">
      <Filter>Source Files</Filter>
    </ClCompile>
    <ClCompile Include="SearchFilter.cpp">
      <Filter>Source Files</Filter>
    </ClCompile>
    <ClCompile Include="SearchFilterRule.cpp">
      <Filter>Source Files</Filter>
    </ClCompile>
    <ClCompile Include="SearchFilterRulesModel.cpp">
      <Filter>Source Files</Filter>
    </ClCompile>
    <ClCompile Include="SearchFiltersModel.cpp">
      <Filter>Source Files</Filter>
    </ClCompile>
    <ClCompile Include="SearchFilterType.cpp">
      <Filter>Source Files</Filter>
    </ClCompile>
    <ClCompile Include="SearchFilterTypesModel.cpp">
      <Filter>Source Files</Filter>
    </ClCompile>
    <ClCompile Include="SettingsChecker.cpp">
      <Filter>Source Files</Filter>
    </ClCompile>
    <ClCompile Include="SettingsKeeper.cpp">
      <Filter>Source Files</Filter>
    </ClCompile>
    <ClCompile Include="ContactPhotoProvider.cpp">
      <Filter>Source Files</Filter>
    </ClCompile>
    <ClCompile Include="MainWindowViewModel.cpp">
      <Filter>Source Files</Filter>
    </ClCompile>
    <ClCompile Include="SettingsDlgViewModel.cpp">
      <Filter>Source Files</Filter>
    </ClCompile>
    <ClCompile Include="AttrEditorViewModel.cpp">
      <Filter>Source Files</Filter>
    </ClCompile>
    <ClCompile Include="DataExchanger.cpp">
      <Filter>Source Files</Filter>
    </ClCompile>
    <ClCompile Include="AttrTraits.cpp">
      <Filter>Source Files</Filter>
    </ClCompile>
    <ClCompile Include="DependencyResolver.cpp">
      <Filter>Source Files</Filter>
    </ClCompile>
    <ClCompile Include="ClipboardService.cpp">
      <Filter>Source Files</Filter>
    </ClCompile>
    <ClCompile Include="AFileSystemService.cpp">
      <Filter>Source Files</Filter>
    </ClCompile>
    <ClCompile Include="FileSystemService.cpp">
      <Filter>Source Files</Filter>
    </ClCompile>
    <ClCompile Include="ContactAttributeValidator.cpp">
      <Filter>Source Files</Filter>
    </ClCompile>
    <ClCompile Include="GdiPlusInitializer.cpp">
      <Filter>Source Files</Filter>
    </ClCompile>
    <ClCompile Include="AClipboardService.cpp">
      <Filter>Source Files</Filter>
    </ClCompile>
    <ClCompile Include="AContactFinder.cpp">
      <Filter>Source Files</Filter>
    </ClCompile>
    <ClCompile Include="AContactPhotoProvider.cpp">
      <Filter>Source Files</Filter>
    </ClCompile>
    <ClCompile Include="AContactsKeeper.cpp">
      <Filter>Source Files</Filter>
    </ClCompile>
    <ClCompile Include="AContactsModel.cpp">
      <Filter>Source Files</Filter>
    </ClCompile>
    <ClCompile Include="AContactUpdater.cpp">
      <Filter>Source Files</Filter>
    </ClCompile>
    <ClCompile Include="ADataExchanger.cpp">
      <Filter>Source Files</Filter>
    </ClCompile>
    <ClCompile Include="ADependencyResolver.cpp">
      <Filter>Source Files</Filter>
    </ClCompile>
    <ClCompile Include="ASettingsChecker.cpp">
      <Filter>Source Files</Filter>
    </ClCompile>
    <ClCompile Include="ASettingsKeeper.cpp">
      <Filter>Source Files</Filter>
    </ClCompile>
    <ClCompile Include="SearchFiltersSettings.cpp">
      <Filter>Source Files</Filter>
    </ClCompile>
  </ItemGroup>
  <ItemGroup>
    <QtMoc Include="ContactDetailsModel.h">
      <Filter>Header Files</Filter>
    </QtMoc>
    <QtMoc Include="ContactFinder.h">
      <Filter>Header Files</Filter>
    </QtMoc>
    <QtMoc Include="ContactsModel.h">
      <Filter>Header Files</Filter>
    </QtMoc>
    <QtMoc Include="SearchFilterRulesModel.h">
      <Filter>Header Files</Filter>
    </QtMoc>
    <QtMoc Include="SearchFiltersModel.h">
      <Filter>Header Files</Filter>
    </QtMoc>
    <QtMoc Include="SearchFilterTypesModel.h">
      <Filter>Header Files</Filter>
    </QtMoc>
    <QtMoc Include="MainWindowViewModel.h">
      <Filter>Header Files</Filter>
    </QtMoc>
    <QtMoc Include="SettingsDlgViewModel.h">
      <Filter>Header Files</Filter>
    </QtMoc>
    <QtMoc Include="AttrEditorViewModel.h">
      <Filter>Header Files</Filter>
    </QtMoc>
    <QtMoc Include="AContactFinder.h">
      <Filter>Header Files</Filter>
    </QtMoc>
    <QtMoc Include="AContactsModel.h">
      <Filter>Header Files</Filter>
    </QtMoc>
  </ItemGroup>
</Project>